
Microsoft Visual Studio Solution File, Format Version 12.00
# Visual Studio Version 17
VisualStudioVersion = 17.0.31903.59
MinimumVisualStudioVersion = 10.0.40219.1
Project("{9A19103F-16F7-4668-BE54-9A1E7A4F7556}") = "WoodCutterAlg", "WoodCutterAlg\WoodCutterAlg.csproj", "{484D1CFA-B050-4336-AFFF-16EB172E32C5}"
EndProject
Project("{9A19103F-16F7-4668-BE54-9A1E7A4F7556}") = "WoodCutterAlg.Test", "WoodRectangles.Test\WoodCutterAlg.Test.csproj", "{1C619B12-ADD4-4784-B552-4B9322852C5B}"
	ProjectSection(ProjectDependencies) = postProject
		{484D1CFA-B050-4336-AFFF-16EB172E32C5} = {484D1CFA-B050-4336-AFFF-16EB172E32C5}
	EndProjectSection
EndProject
Global
	GlobalSection(SolutionConfigurationPlatforms) = preSolution
		Debug|Any CPU = Debug|Any CPU
		Release|Any CPU = Release|Any CPU
	EndGlobalSection
	GlobalSection(ProjectConfigurationPlatforms) = postSolution
		{484D1CFA-B050-4336-AFFF-16EB172E32C5}.Debug|Any CPU.ActiveCfg = Debug|Any CPU
		{484D1CFA-B050-4336-AFFF-16EB172E32C5}.Debug|Any CPU.Build.0 = Debug|Any CPU
		{484D1CFA-B050-4336-AFFF-16EB172E32C5}.Release|Any CPU.ActiveCfg = Release|Any CPU
		{484D1CFA-B050-4336-AFFF-16EB172E32C5}.Release|Any CPU.Build.0 = Release|Any CPU
		{1C619B12-ADD4-4784-B552-4B9322852C5B}.Debug|Any CPU.ActiveCfg = Debug|Any CPU
		{1C619B12-ADD4-4784-B552-4B9322852C5B}.Debug|Any CPU.Build.0 = Debug|Any CPU
		{1C619B12-ADD4-4784-B552-4B9322852C5B}.Release|Any CPU.ActiveCfg = Release|Any CPU
		{1C619B12-ADD4-4784-B552-4B9322852C5B}.Release|Any CPU.Build.0 = Release|Any CPU
	EndGlobalSection
	GlobalSection(SolutionProperties) = preSolution
		HideSolutionNode = FALSE
	EndGlobalSection
	GlobalSection(ExtensibilityGlobals) = postSolution
		SolutionGuid = {B2C53603-349F-4E66-A294-1DF4ED8835FD}
	EndGlobalSection
EndGlobal
